Microsoft Visual Studio Solution File, Format Version 12.00
# Visual Studio Version 17
VisualStudioVersion = 17.5.2.0
MinimumVisualStudioVersion = 10.0.40219.1
Project("{FAE04EC0-301F-11D3-BF4B-00C04F79EFBC}") = "GymTrack", "GymTrack.csproj", "{A11248A0-F587-446F-F91F-29ECC571D1F2}"
EndProject
Global
	GlobalSection(SolutionConfigurationPlatforms) = preSolution
		Debug|Any CPU = Debug|Any CPU
		Release|Any CPU = Release|Any CPU
	EndGlobalSection
	GlobalSection(ProjectConfigurationPlatforms) = postSolution
		{A11248A0-F587-446F-F91F-29ECC571D1F2}.Debug|Any CPU.ActiveCfg = Debug|Any CPU
		{A11248A0-F587-446F-F91F-29ECC571D1F2}.Debug|Any CPU.Build.0 = Debug|Any CPU
		{A11248A0-F587-446F-F91F-29ECC571D1F2}.Release|Any CPU.ActiveCfg = Release|Any CPU
		{A11248A0-F587-446F-F91F-29ECC571D1F2}.Release|Any CPU.Build.0 = Release|Any CPU
	EndGlobalSection
	GlobalSection(SolutionProperties) = preSolution
		HideSolutionNode = FALSE
	EndGlobalSection
	GlobalSection(ExtensibilityGlobals) = postSolution
		SolutionGuid = {8B5018D9-B084-4FC5-A04F-93F2EF1B965A}
	EndGlobalSection
EndGlobal
